# THIS IS AN AUTOGENERATED FILE. DO NOT EDIT THIS FILE DIRECTLY.
# yarn lockfile v1


haskey@^0.1.4:
  version "0.1.4"
  resolved "https://registry.yarnpkg.com/haskey/-/haskey-0.1.4.tgz#1cd0b8b5791cac2b292d2afd67b03a5edb4222df"
  integrity sha512-R7WOwaMsoPfVAPkca9mOYYm8htADrX+EILAZop4ob3LC4udL9jCX9yfAmk3ltyzcWpvVW9pRwCrYRm7LgD1ViQ==
